
Microsoft Visual Studio Solution File, Format Version 12.00
# Visual Studio Version 17
VisualStudioVersion = 17.13.35825.156 d17.13
MinimumVisualStudioVersion = 10.0.40219.1
Project("{FAE04EC0-301F-11D3-BF4B-00C04F79EFBC}") = "FlappyBird", "FlappyBird\FlappyBird.csproj", "{F4FDD32A-A3CC-4A90-AC65-0B7C61836AE4}"
EndProject
Project("{FAE04EC0-301F-11D3-BF4B-00C04F79EFBC}") = "FlappyBirdFull", "FlappyBirdFull\FlappyBirdFull.csproj", "{0F8D1ED9-7489-43D5-B833-7AF3930D008A}"
EndProject
Global
	GlobalSection(SolutionConfigurationPlatforms) = preSolution
		Debug|Any CPU = Debug|Any CPU
		Release|Any CPU = Release|Any CPU
	EndGlobalSection
	GlobalSection(ProjectConfigurationPlatforms) = postSolution
		{F4FDD32A-A3CC-4A90-AC65-0B7C61836AE4}.Debug|Any CPU.ActiveCfg = Debug|Any CPU
		{F4FDD32A-A3CC-4A90-AC65-0B7C61836AE4}.Debug|Any CPU.Build.0 = Debug|Any CPU
		{F4FDD32A-A3CC-4A90-AC65-0B7C61836AE4}.Release|Any CPU.ActiveCfg = Release|Any CPU
		{F4FDD32A-A3CC-4A90-AC65-0B7C61836AE4}.Release|Any CPU.Build.0 = Release|Any CPU
		{0F8D1ED9-7489-43D5-B833-7AF3930D008A}.Debug|Any CPU.ActiveCfg = Debug|Any CPU
		{0F8D1ED9-7489-43D5-B833-7AF3930D008A}.Debug|Any CPU.Build.0 = Debug|Any CPU
		{0F8D1ED9-7489-43D5-B833-7AF3930D008A}.Release|Any CPU.ActiveCfg = Release|Any CPU
		{0F8D1ED9-7489-43D5-B833-7AF3930D008A}.Release|Any CPU.Build.0 = Release|Any CPU
	EndGlobalSection
	GlobalSection(SolutionProperties) = preSolution
		HideSolutionNode = FALSE
	EndGlobalSection
	GlobalSection(ExtensibilityGlobals) = postSolution
		SolutionGuid = {C0554D0A-1709-474A-855C-6B4F6E1F6510}
	EndGlobalSection
EndGlobal
